{
  "name": "heep",
  "lockfileVersion": 3,
  "requires": true,
  "packages": {
    "": {
      "dependencies": {
        "@expo/html-elements": "^56.0.1"
      }
    },
    "node_modules/@expo/html-elements": {
      "version": "56.0.1",
      "resolved": "https://registry.npmjs.org/@expo/html-elements/-/html-elements-56.0.1.tgz",
      "integrity": "sha512-cy9LTItlr+7kkC5289kW4un6qW4JZ3THu348ExXiTJcDXQufR+N+OvYS/Bxgm/gChMhvT673bphp8FwfSgARBA==",
      "license": "MIT",
      "peerDependencies": {
        "react": "*",
        "react-native": "*",
        "react-native-web": "*"
      },
      "peerDependenciesMeta": {
        "react-native-web": {
          "optional": true
        }
      }
    }
  }
}
